
Microsoft Visual Studio Solution File, Format Version 12.00
# Visual Studio Version 17
VisualStudioVersion = 17.14.37012.4
MinimumVisualStudioVersion = 10.0.40219.1
Project("{FAE04EC0-301F-11D3-BF4B-00C04F79EFBC}") = "Gym.UI", "Gym.UI\Gym.UI.csproj", "{D4349DB6-88E6-4766-9DF1-A555525059B4}"
	ProjectSection(ProjectDependencies) = postProject
		{1E4B0564-9412-49EA-B947-1234BAA1A520} = {1E4B0564-9412-49EA-B947-1234BAA1A520}
	EndProjectSection
EndProject
Project("{FAE04EC0-301F-11D3-BF4B-00C04F79EFBC}") = "Gym.Business", "Gym.Business\Gym.Business.csproj", "{1E4B0564-9412-49EA-B947-1234BAA1A520}"
	ProjectSection(ProjectDependencies) = postProject
		{4C80ADB7-94E6-43D5-9574-94D80C938295} = {4C80ADB7-94E6-43D5-9574-94D80C938295}
	EndProjectSection
EndProject
Project("{FAE04EC0-301F-11D3-BF4B-00C04F79EFBC}") = "Gym.Models", "Gym.Models\Gym.Models.csproj", "{4C80ADB7-94E6-43D5-9574-94D80C938295}"
EndProject
Global
	GlobalSection(SolutionConfigurationPlatforms) = preSolution
		Debug|Any CPU = Debug|Any CPU
		Release|Any CPU = Release|Any CPU
	EndGlobalSection
	GlobalSection(ProjectConfigurationPlatforms) = postSolution
		{D4349DB6-88E6-4766-9DF1-A555525059B4}.Debug|Any CPU.ActiveCfg = Debug|Any CPU
		{D4349DB6-88E6-4766-9DF1-A555525059B4}.Debug|Any CPU.Build.0 = Debug|Any CPU
		{D4349DB6-88E6-4766-9DF1-A555525059B4}.Release|Any CPU.ActiveCfg = Release|Any CPU
		{D4349DB6-88E6-4766-9DF1-A555525059B4}.Release|Any CPU.Build.0 = Release|Any CPU
		{1E4B0564-9412-49EA-B947-1234BAA1A520}.Debug|Any CPU.ActiveCfg = Debug|Any CPU
		{1E4B0564-9412-49EA-B947-1234BAA1A520}.Debug|Any CPU.Build.0 = Debug|Any CPU
		{1E4B0564-9412-49EA-B947-1234BAA1A520}.Release|Any CPU.ActiveCfg = Release|Any CPU
		{1E4B0564-9412-49EA-B947-1234BAA1A520}.Release|Any CPU.Build.0 = Release|Any CPU
		{4C80ADB7-94E6-43D5-9574-94D80C938295}.Debug|Any CPU.ActiveCfg = Debug|Any CPU
		{4C80ADB7-94E6-43D5-9574-94D80C938295}.Debug|Any CPU.Build.0 = Debug|Any CPU
		{4C80ADB7-94E6-43D5-9574-94D80C938295}.Release|Any CPU.ActiveCfg = Release|Any CPU
		{4C80ADB7-94E6-43D5-9574-94D80C938295}.Release|Any CPU.Build.0 = Release|Any CPU
	EndGlobalSection
	GlobalSection(SolutionProperties) = preSolution
		HideSolutionNode = FALSE
	EndGlobalSection
	GlobalSection(ExtensibilityGlobals) = postSolution
		SolutionGuid = {EF9DEF8E-FAB7-4BFE-9BCF-F9B1CE07DA7D}
	EndGlobalSection
EndGlobal
